
Microsoft Visual Studio Solution File, Format Version 12.00
# Visual Studio Version 17
VisualStudioVersion = 17.10.35201.131
MinimumVisualStudioVersion = 10.0.40219.1
Project("{FAE04EC0-301F-11D3-BF4B-00C04F79EFBC}") = "DvtElevatorSim", "DvtElevatorSim\DvtElevatorSim.csproj", "{5836469F-AD3D-49F6-8D99-29535C875193}"
EndProject
Global
	GlobalSection(SolutionConfigurationPlatforms) = preSolution
		Debug|Any CPU = Debug|Any CPU
		Release|Any CPU = Release|Any CPU
	EndGlobalSection
	GlobalSection(ProjectConfigurationPlatforms) = postSolution
		{5836469F-AD3D-49F6-8D99-29535C875193}.Debug|Any CPU.ActiveCfg = Debug|Any CPU
		{5836469F-AD3D-49F6-8D99-29535C875193}.Debug|Any CPU.Build.0 = Debug|Any CPU
		{5836469F-AD3D-49F6-8D99-29535C875193}.Release|Any CPU.ActiveCfg = Release|Any CPU
		{5836469F-AD3D-49F6-8D99-29535C875193}.Release|Any CPU.Build.0 = Release|Any CPU
	EndGlobalSection
	GlobalSection(SolutionProperties) = preSolution
		HideSolutionNode = FALSE
	EndGlobalSection
	GlobalSection(ExtensibilityGlobals) = postSolution
		SolutionGuid = {1A52EC78-D0A8-440C-8C18-E0BF9ACF25F6}
	EndGlobalSection
EndGlobal
